
Microsoft Visual Studio Solution File, Format Version 12.00
# Visual Studio Version 17
VisualStudioVersion = 17.3.32819.101
MinimumVisualStudioVersion = 10.0.40219.1
Project("{FAE04EC0-301F-11D3-BF4B-00C04F79EFBC}") = "1337WebDownloader.Console", "1337WebDownloader.Console\1337WebDownloader.Console.csproj", "{1D94A19E-924E-45EC-AD0C-8BA0469D5C22}"
EndProject
Global
	GlobalSection(SolutionConfigurationPlatforms) = preSolution
		Debug|Any CPU = Debug|Any CPU
		Release|Any CPU = Release|Any CPU
	EndGlobalSection
	GlobalSection(ProjectConfigurationPlatforms) = postSolution
		{1D94A19E-924E-45EC-AD0C-8BA0469D5C22}.Debug|Any CPU.ActiveCfg = Debug|Any CPU
		{1D94A19E-924E-45EC-AD0C-8BA0469D5C22}.Debug|Any CPU.Build.0 = Debug|Any CPU
		{1D94A19E-924E-45EC-AD0C-8BA0469D5C22}.Release|Any CPU.ActiveCfg = Release|Any CPU
		{1D94A19E-924E-45EC-AD0C-8BA0469D5C22}.Release|Any CPU.Build.0 = Release|Any CPU
	EndGlobalSection
	GlobalSection(SolutionProperties) = preSolution
		HideSolutionNode = FALSE
	EndGlobalSection
	GlobalSection(ExtensibilityGlobals) = postSolution
		SolutionGuid = {1AF9170D-2BF8-4CD6-AC34-35CD40287DE4}
	EndGlobalSection
EndGlobal
